// !$*UTF8*$!
{
	archiveVersion = 1;
	classes = {
	};
	objectVersion = 46;
	objects = {

/* Begin PBXBuildFile section */
		BE51996E1A51888100A7530D /* main.m in Sources */ = {isa = PBXBuildFile; fileRef = BE51996D1A51888100A7530D /* main.m */; };
		BE5199711A51888100A7530D /* AppDelegate.m in Sources */ = {isa = PBXBuildFile; fileRef = BE5199701A51888100A7530D /* AppDelegate.m */; };
		BE5199741A51888100A7530D /* ViewController.m in Sources */ = {isa = PBXBuildFile; fileRef = BE5199731A51888100A7530D /* ViewController.m */; };
		BE5199771A51888100A7530D /* Main.storyboard in Resources */ = {isa = PBXBuildFile; fileRef = BE5199751A51888100A7530D /* Main.storyboard */; };
		BE5199791A51888100A7530D /* Images.xcassets in Resources */ = {isa = PBXBuildFile; fileRef = BE5199781A51888100A7530D /* Images.xcassets */; };
		BE51997C1A51888100A7530D /* LaunchScreen.xib in Resources */ = {isa = PBXBuildFile; fileRef = BE51997A1A51888100A7530D /* LaunchScreen.xib */; };
		BE5199881A51888200A7530D /* HYPasswordFieldTests.m in Sources */ = {isa = PBXBuildFile; fileRef = BE5199871A51888200A7530D /* HYPasswordFieldTests.m */; };
		BE5199961A51895B00A7530D /* HYPasswordView.m in Sources */ = {isa = PBXBuildFile; fileRef = BE5199951A51895B00A7530D /* HYPasswordView.m */; };
/* End PBXBuildFile section */

/* Begin PBXContainerItemProxy section */
		BE5199821A51888200A7530D /* PBXContainerItemProxy */ = {
			isa = PBXContainerItemProxy;
			containerPortal = BE5199601A51888100A7530D /* Project object */;
			proxyType = 1;
			remoteGlobalIDString = BE5199671A51888100A7530D;
			remoteInfo = HYPasswordField;
		};
/* End PBXContainerItemProxy section */

/* Begin PBXFileReference section */
		BE5199681A51888100A7530D /* HYPasswordField.app */ = {isa = PBXFileReference; explicitFileType = wrapper.application; includeInIndex = 0; path = HYPasswordField.app; sourceTree = BUILT_PRODUCTS_DIR; };
		BE51996C1A51888100A7530D /* Info.plist */ = {isa = PBXFileReference; lastKnownFileType = text.plist.xml; path = Info.plist; sourceTree = "<group>"; };
		BE51996D1A51888100A7530D /* main.m */ = {isa = PBXFileReference; lastKnownFileType = sourcecode.c.objc; path = main.m; sourceTree = "<group>"; };
		BE51996F1A51888100A7530D /* AppDelegate.h */ = {isa = PBXFileReference; lastKnownFileType = sourcecode.c.h; path = AppDelegate.h; sourceTree = "<group>"; };
		BE5199701A51888100A7530D /* AppDelegate.m */ = {isa = PBXFileReference; lastKnownFileType = sourcecode.c.objc; path = AppDelegate.m; sourceTree = "<group>"; };
		BE5199721A51888100A7530D /* ViewController.h */ = {isa = PBXFileReference; lastKnownFileType = sourcecode.c.h; path = ViewController.h; sourceTree = "<group>"; };
		BE5199731A51888100A7530D /* ViewController.m */ = {isa = PBXFileReference; lastKnownFileType = sourcecode.c.objc; path = ViewController.m; sourceTree = "<group>"; };
		BE5199761A51888100A7530D /* Base */ = {isa = PBXFileReference; lastKnownFileType = file.storyboard; name = Base; path = Base.lproj/Main.storyboard; sourceTree = "<group>"; };
		BE5199781A51888100A7530D /* Images.xcassets */ = {isa = PBXFileReference; lastKnownFileType = folder.assetcatalog; path = Images.xcassets; sourceTree = "<group>"; };
		BE51997B1A51888100A7530D /* Base */ = {isa = PBXFileReference; lastKnownFileType = file.xib; name = Base; path = Base.lproj/LaunchScreen.xib; sourceTree = "<group>"; };
		BE5199811A51888200A7530D /* HYPasswordFieldTests.xctest */ = {isa = PBXFileReference; explicitFileType = wrapper.cfbundle; includeInIndex = 0; path = HYPasswordFieldTests.xctest; sourceTree = BUILT_PRODUCTS_DIR; };
		BE5199861A51888200A7530D /* Info.plist */ = {isa = PBXFileReference; lastKnownFileType = text.plist.xml; path = Info.plist; sourceTree = "<group>"; };
		BE5199871A51888200A7530D /* HYPasswordFieldTests.m */ = {isa = PBXFileReference; lastKnownFileType = sourcecode.c.objc; path = HYPasswordFieldTests.m; sourceTree = "<group>"; };
		BE5199941A51895B00A7530D /* HYPasswordView.h */ = {isa = PBXFileReference; fileEncoding = 4; lastKnownFileType = sourcecode.c.h; path = HYPasswordView.h; sourceTree = "<group>"; };
		BE5199951A51895B00A7530D /* HYPasswordView.m */ = {isa = PBXFileReference; fileEncoding = 4; lastKnownFileType = sourcecode.c.objc; path = HYPasswordView.m; sourceTree = "<group>"; };
/* End PBXFileReference section */

/* Begin PBXFrameworksBuildPhase section */
		BE5199651A51888100A7530D /* Frameworks */ = {
			isa = PBXFrameworksBuildPhase;
			buildActionMask = 2147483647;
			files = (
			);
			runOnlyForDeploymentPostprocessing = 0;
		};
		BE51997E1A51888100A7530D /* Frameworks */ = {
			isa = PBXFrameworksBuildPhase;
			buildActionMask = 2147483647;
			files = (
			);
			runOnlyForDeploymentPostprocessing = 0;
		};
/* End PBXFrameworksBuildPhase section */

/* Begin PBXGroup section */
		BE51995F1A51888100A7530D = {
			isa = PBXGroup;
			children = (
				BE51996A1A51888100A7530D /* HYPasswordField */,
				BE5199841A51888200A7530D /* HYPasswordFieldTests */,
				BE5199691A51888100A7530D /* Products */,
			);
			sourceTree = "<group>";
		};
		BE5199691A51888100A7530D /* Products */ = {
			isa = PBXGroup;
			children = (
				BE5199681A51888100A7530D /* HYPasswordField.app */,
				BE5199811A51888200A7530D /* HYPasswordFieldTests.xctest */,
			);
			name = Products;
			sourceTree = "<group>";
		};
		BE51996A1A51888100A7530D /* HYPasswordField */ = {
			isa = PBXGroup;
			children = (
				BE51996F1A51888100A7530D /* AppDelegate.h */,
				BE5199701A51888100A7530D /* AppDelegate.m */,
				BE5199721A51888100A7530D /* ViewController.h */,
				BE5199731A51888100A7530D /* ViewController.m */,
				BE5199751A51888100A7530D /* Main.storyboard */,
				BE5199781A51888100A7530D /* Images.xcassets */,
				BE51997A1A51888100A7530D /* LaunchScreen.xib */,
				BE51996B1A51888100A7530D /* Supporting Files */,
				BE5199941A51895B00A7530D /* HYPasswordView.h */,
				BE5199951A51895B00A7530D /* HYPasswordView.m */,
			);
			path = HYPasswordField;
			sourceTree = "<group>";
		};
		BE51996B1A51888100A7530D /* Supporting Files */ = {
			isa = PBXGroup;
			children = (
				BE51996C1A51888100A7530D /* Info.plist */,
				BE51996D1A51888100A7530D /* main.m */,
			);
			name = "Supporting Files";
			sourceTree = "<group>";
		};
		BE5199841A51888200A7530D /* HYPasswordFieldTests */ = {
			isa = PBXGroup;
			children = (
				BE5199871A51888200A7530D /* HYPasswordFieldTests.m */,
				BE5199851A51888200A7530D /* Supporting Files */,
			);
			path = HYPasswordFieldTests;
			sourceTree = "<group>";
		};
		BE5199851A51888200A7530D /* Supporting Files */ = {
			isa = PBXGroup;
			children = (
				BE5199861A51888200A7530D /* Info.plist */,
			);
			name = "Supporting Files";
			sourceTree = "<group>";
		};
/* End PBXGroup section */

/* Begin PBXNativeTarget section */
		BE5199671A51888100A7530D /* HYPasswordField */ = {
			isa = PBXNativeTarget;
			buildConfigurationList = BE51998B1A51888200A7530D /* Build configuration list for PBXNativeTarget "HYPasswordField" */;
			buildPhases = (
				BE5199641A51888100A7530D /* Sources */,
				BE5199651A51888100A7530D /* Frameworks */,
				BE5199661A51888100A7530D /* Resources */,
			);
			buildRules = (
			);
			dependencies = (
			);
			name = HYPasswordField;
			productName = HYPasswordField;
			productReference = BE5199681A51888100A7530D /* HYPasswordField.app */;
			productType = "com.apple.product-type.application";
		};
		BE5199801A51888100A7530D /* HYPasswordFieldTests */ = {
			isa = PBXNativeTarget;
			buildConfigurationList = BE51998E1A51888200A7530D /* Build configuration list for PBXNativeTarget "HYPasswordFieldTests" */;
			buildPhases = (
				BE51997D1A51888100A7530D /* Sources */,
				BE51997E1A51888100A7530D /* Frameworks */,
				BE51997F1A51888100A7530D /* Resources */,
			);
			buildRules = (
			);
			dependencies = (
				BE5199831A51888200A7530D /* PBXTargetDependency */,
			);
			name = HYPasswordFieldTests;
			productName = HYPasswordFieldTests;
			productReference = BE5199811A51888200A7530D /* HYPasswordFieldTests.xctest */;
			productType = "com.apple.product-type.bundle.unit-test";
		};
/* End PBXNativeTarget section */

/* Begin PBXProject section */
		BE5199601A51888100A7530D /* Project object */ = {
			isa = PBXProject;
			attributes = {
				LastUpgradeCheck = 0610;
				ORGANIZATIONNAME = "黄勇";
				TargetAttributes = {
					BE5199671A51888100A7530D = {
						CreatedOnToolsVersion = 6.1;
					};
					BE5199801A51888100A7530D = {
						CreatedOnToolsVersion = 6.1;
						TestTargetID = BE5199671A51888100A7530D;
					};
				};
			};
			buildConfigurationList = BE5199631A51888100A7530D /* Build configuration list for PBXProject "HYPasswordField" */;
			compatibilityVersion = "Xcode 3.2";
			developmentRegion = English;
			hasScannedForEncodings = 0;
			knownRegions = (
				en,
				Base,
			);
			mainGroup = BE51995F1A51888100A7530D;
			productRefGroup = BE5199691A51888100A7530D /* Products */;
			projectDirPath = "";
			projectRoot = "";
			targets = (
				BE5199671A51888100A7530D /* HYPasswordField */,
				BE5199801A51888100A7530D /* HYPasswordFieldTests */,
			);
		};
/* End PBXProject section */

/* Begin PBXResourcesBuildPhase section */
		BE5199661A51888100A7530D /* Resources */ = {
			isa = PBXResourcesBuildPhase;
			buildActionMask = 2147483647;
			files = (
				BE5199771A51888100A7530D /* Main.storyboard in Resources */,
				BE51997C1A51888100A7530D /* LaunchScreen.xib in Resources */,
				BE5199791A51888100A7530D /* Images.xcassets in Resources */,
			);
			runOnlyForDeploymentPostprocessing = 0;
		};
		BE51997F1A51888100A7530D /* Resources */ = {
			isa = PBXResourcesBuildPhase;
			buildActionMask = 2147483647;
			files = (
			);
			runOnlyForDeploymentPostprocessing = 0;
		};
/* End PBXResourcesBuildPhase section */

/* Begin PBXSourcesBuildPhase section */
		BE5199641A51888100A7530D /* Sources */ = {
			isa = PBXSourcesBuildPhase;
			buildActionMask = 2147483647;
			files = (
				BE5199741A51888100A7530D /* ViewController.m in Sources */,
				BE5199711A51888100A7530D /* AppDelegate.m in Sources */,
				BE5199961A51895B00A7530D /* HYPasswordView.m in Sources */,
				BE51996E1A51888100A7530D /* main.m in Sources */,
			);
			runOnlyForDeploymentPostprocessing = 0;
		};
		BE51997D1A51888100A7530D /* Sources */ = {
			isa = PBXSourcesBuildPhase;
			buildActionMask = 2147483647;
			files = (
				BE5199881A51888200A7530D /* HYPasswordFieldTests.m in Sources */,
			);
			runOnlyForDeploymentPostprocessing = 0;
		};
/* End PBXSourcesBuildPhase section */

/* Begin PBXTargetDependency section */
		BE5199831A51888200A7530D /* PBXTargetDependency */ = {
			isa = PBXTargetDependency;
			target = BE5199671A51888100A7530D /* HYPasswordField */;
			targetProxy = BE5199821A51888200A7530D /* PBXContainerItemProxy */;
		};
/* End PBXTargetDependency section */

/* Begin PBXVariantGroup section */
		BE5199751A51888100A7530D /* Main.storyboard */ = {
			isa = PBXVariantGroup;
			children = (
				BE5199761A51888100A7530D /* Base */,
			);
			name = Main.storyboard;
			sourceTree = "<group>";
		};
		BE51997A1A51888100A7530D /* LaunchScreen.xib */ = {
			isa = PBXVariantGroup;
			children = (
				BE51997B1A51888100A7530D /* Base */,
			);
			name = LaunchScreen.xib;
			sourceTree = "<group>";
		};
/* End PBXVariantGroup section */

/* Begin XCBuildConfiguration section */
		BE5199891A51888200A7530D /* Debug */ = {
			isa = XCBuildConfiguration;
			buildSettings = {
				ALWAYS_SEARCH_USER_PATHS = NO;
				CLANG_CXX_LANGUAGE_STANDARD = "gnu++0x";
				CLANG_CXX_LIBRARY = "libc++";
				CLANG_ENABLE_MODULES = YES;
				CLANG_ENABLE_OBJC_ARC = YES;
				CLANG_WARN_BOOL_CONVERSION = YES;
				CLANG_WARN_CONSTANT_CONVERSION = YES;
				CLANG_WARN_DIRECT_OBJC_ISA_USAGE = YES_ERROR;
				CLANG_WARN_EMPTY_BODY = YES;
				CLANG_WARN_ENUM_CONVERSION = YES;
				CLANG_WARN_INT_CONVERSION = YES;
				CLANG_WARN_OBJC_ROOT_CLASS = YES_ERROR;
				CLANG_WARN_UNREACHABLE_CODE = YES;
				CLANG_WARN__DUPLICATE_METHOD_MATCH = YES;
				"CODE_SIGN_IDENTITY[sdk=iphoneos*]" = "iPhone Developer";
				COPY_PHASE_STRIP = NO;
				ENABLE_STRICT_OBJC_MSGSEND = YES;
				GCC_C_LANGUAGE_STANDARD = gnu99;
				GCC_DYNAMIC_NO_PIC = NO;
				GCC_OPTIMIZATION_LEVEL = 0;
				GCC_PREPROCESSOR_DEFINITIONS = (
					"DEBUG=1",
					"$(inherited)",
				);
				GCC_SYMBOLS_PRIVATE_EXTERN = NO;
				GCC_WARN_64_TO_32_BIT_CONVERSION = YES;
				GCC_WARN_ABOUT_RETURN_TYPE = YES_ERROR;
				GCC_WARN_UNDECLARED_SELECTOR = YES;
				GCC_WARN_UNINITIALIZED_AUTOS = YES_AGGRESSIVE;
				GCC_WARN_UNUSED_FUNCTION = YES;
				GCC_WARN_UNUSED_VARIABLE = YES;
				IPHONEOS_DEPLOYMENT_TARGET = 8.1;
				MTL_ENABLE_DEBUG_INFO = YES;
				ONLY_ACTIVE_ARCH = YES;
				SDKROOT = iphoneos;
			};
			name = Debug;
		};
		BE51998A1A51888200A7530D /* Release */ = {
			isa = XCBuildConfiguration;
			buildSettings = {
				ALWAYS_SEARCH_USER_PATHS = NO;
				CLANG_CXX_LANGUAGE_STANDARD = "gnu++0x";
				CLANG_CXX_LIBRARY = "libc++";
				CLANG_ENABLE_MODULES = YES;
				CLANG_ENABLE_OBJC_ARC = YES;
				CLANG_WARN_BOOL_CONVERSION = YES;
				CLANG_WARN_CONSTANT_CONVERSION = YES;
				CLANG_WARN_DIRECT_OBJC_ISA_USAGE = YES_ERROR;
				CLANG_WARN_EMPTY_BODY = YES;
				CLANG_WARN_ENUM_CONVERSION = YES;
				CLANG_WARN_INT_CONVERSION = YES;
				CLANG_WARN_OBJC_ROOT_CLASS = YES_ERROR;
				CLANG_WARN_UNREACHABLE_CODE = YES;
				CLANG_WARN__DUPLICATE_METHOD_MATCH = YES;
				"CODE_SIGN_IDENTITY[sdk=iphoneos*]" = "iPhone Developer";
				COPY_PHASE_STRIP = YES;
				ENABLE_NS_ASSERTIONS = NO;
				ENABLE_STRICT_OBJC_MSGSEND = YES;
				GCC_C_LANGUAGE_STANDARD = gnu99;
				GCC_WARN_64_TO_32_BIT_CONVERSION = YES;
				GCC_WARN_ABOUT_RETURN_TYPE = YES_ERROR;
				GCC_WARN_UNDECLARED_SELECTOR = YES;
				GCC_WARN_UNINITIALIZED_AUTOS = YES_AGGRESSIVE;
				GCC_WARN_UNUSED_FUNCTION = YES;
				GCC_WARN_UNUSED_VARIABLE = YES;
				IPHONEOS_DEPLOYMENT_TARGET = 8.1;
				MTL_ENABLE_DEBUG_INFO = NO;
				SDKROOT = iphoneos;
				VALIDATE_PRODUCT = YES;
			};
			name = Release;
		};
		BE51998C1A51888200A7530D /* Debug */ = {
			isa = XCBuildConfiguration;
			buildSettings = {
				ASSETCATALOG_COMPILER_APPICON_NAME = AppIcon;
				INFOPLIST_FILE = HYPasswordField/Info.plist;
				LD_RUNPATH_SEARCH_PATHS = "$(inherited) @executable_path/Frameworks";
				PRODUCT_NAME = "$(TARGET_NAME)";
			};
			name = Debug;
		};
		BE51998D1A51888200A7530D /* Release */ = {
			isa = XCBuildConfiguration;
			buildSettings = {
				ASSETCATALOG_COMPILER_APPICON_NAME = AppIcon;
				INFOPLIST_FILE = HYPasswordField/Info.plist;
				LD_RUNPATH_SEARCH_PATHS = "$(inherited) @executable_path/Frameworks";
				PRODUCT_NAME = "$(TARGET_NAME)";
			};
			name = Release;
		};
		BE51998F1A51888200A7530D /* Debug */ = {
			isa = XCBuildConfiguration;
			buildSettings = {
				BUNDLE_LOADER = "$(TEST_HOST)";
				FRAMEWORK_SEARCH_PATHS = (
					"$(SDKROOT)/Developer/Library/Frameworks",
					"$(inherited)",
				);
				GCC_PREPROCESSOR_DEFINITIONS = (
					"DEBUG=1",
					"$(inherited)",
				);
				INFOPLIST_FILE = HYPasswordFieldTests/Info.plist;
				LD_RUNPATH_SEARCH_PATHS = "$(inherited) @executable_path/Frameworks @loader_path/Frameworks";
				PRODUCT_NAME = "$(TARGET_NAME)";
				TEST_HOST = "$(BUILT_PRODUCTS_DIR)/HYPasswordField.app/HYPasswordField";
			};
			name = Debug;
		};
		BE5199901A51888200A7530D /* Release */ = {
			isa = XCBuildConfiguration;
			buildSettings = {
				BUNDLE_LOADER = "$(TEST_HOST)";
				FRAMEWORK_SEARCH_PATHS = (
					"$(SDKROOT)/Developer/Library/Frameworks",
					"$(inherited)",
				);
				INFOPLIST_FILE = HYPasswordFieldTests/Info.plist;
				LD_RUNPATH_SEARCH_PATHS = "$(inherited) @executable_path/Frameworks @loader_path/Frameworks";
				PRODUCT_NAME = "$(TARGET_NAME)";
				TEST_HOST = "$(BUILT_PRODUCTS_DIR)/HYPasswordField.app/HYPasswordField";
			};
			name = Release;
		};
/* End XCBuildConfiguration section */

/* Begin XCConfigurationList section */
		BE5199631A51888100A7530D /* Build configuration list for PBXProject "HYPasswordField" */ = {
			isa = XCConfigurationList;
			buildConfigurations = (
				BE5199891A51888200A7530D /* Debug */,
				BE51998A1A51888200A7530D /* Release */,
			);
			defaultConfigurationIsVisible = 0;
			defaultConfigurationName = Release;
		};
		BE51998B1A51888200A7530D /* Build configuration list for PBXNativeTarget "HYPasswordField" */ = {
			isa = XCConfigurationList;
			buildConfigurations = (
				BE51998C1A51888200A7530D /* Debug */,
				BE51998D1A51888200A7530D /* Release */,
			);
			defaultConfigurationIsVisible = 0;
			defaultConfigurationName = Release;
		};
		BE51998E1A51888200A7530D /* Build configuration list for PBXNativeTarget "HYPasswordFieldTests" */ = {
			isa = XCConfigurationList;
			buildConfigurations = (
				BE51998F1A51888200A7530D /* Debug */,
				BE5199901A51888200A7530D /* Release */,
			);
			defaultConfigurationIsVisible = 0;
			defaultConfigurationName = Release;
		};
/* End XCConfigurationList section */
	};
	rootObject = BE5199601A51888100A7530D /* Project object */;
}
